
Microsoft Visual Studio Solution File, Format Version 12.00
# Visual Studio Version 17
VisualStudioVersion = 17.13.36105.23
MinimumVisualStudioVersion = 10.0.40219.1
Project("{FAE04EC0-301F-11D3-BF4B-00C04F79EFBC}") = "CoreManage", "CoreManage\CoreManage.csproj", "{8F5EA59A-D5FA-4370-AA15-1E407F4F50BB}"
EndProject
Project("{FAE04EC0-301F-11D3-BF4B-00C04F79EFBC}") = "DataManage", "DataManage\DataManage.csproj", "{8F830B1C-1A2A-4895-838D-1B67943A4E9E}"
EndProject
Project("{FAE04EC0-301F-11D3-BF4B-00C04F79EFBC}") = "TaskManager", "TaskManager\TaskManager.csproj", "{6C0A34C7-073A-412A-979A-A6A10E6A78EB}"
EndProject
Project("{2150E333-8FDC-42A3-9474-1A3956D46DE8}") = "Элементы решения", "Элементы решения", "{754FC069-D67B-A9D7-50A1-8D1CA196D8F1}"
	ProjectSection(SolutionItems) = preProject
		README.md = README.md
	EndProjectSection
EndProject
Global
	GlobalSection(SolutionConfigurationPlatforms) = preSolution
		Debug|Any CPU = Debug|Any CPU
		Release|Any CPU = Release|Any CPU
	EndGlobalSection
	GlobalSection(ProjectConfigurationPlatforms) = postSolution
		{8F5EA59A-D5FA-4370-AA15-1E407F4F50BB}.Debug|Any CPU.ActiveCfg = Debug|Any CPU
		{8F5EA59A-D5FA-4370-AA15-1E407F4F50BB}.Debug|Any CPU.Build.0 = Debug|Any CPU
		{8F5EA59A-D5FA-4370-AA15-1E407F4F50BB}.Release|Any CPU.ActiveCfg = Release|Any CPU
		{8F5EA59A-D5FA-4370-AA15-1E407F4F50BB}.Release|Any CPU.Build.0 = Release|Any CPU
		{8F830B1C-1A2A-4895-838D-1B67943A4E9E}.Debug|Any CPU.ActiveCfg = Debug|Any CPU
		{8F830B1C-1A2A-4895-838D-1B67943A4E9E}.Debug|Any CPU.Build.0 = Debug|Any CPU
		{8F830B1C-1A2A-4895-838D-1B67943A4E9E}.Release|Any CPU.ActiveCfg = Release|Any CPU
		{8F830B1C-1A2A-4895-838D-1B67943A4E9E}.Release|Any CPU.Build.0 = Release|Any CPU
		{6C0A34C7-073A-412A-979A-A6A10E6A78EB}.Debug|Any CPU.ActiveCfg = Debug|Any CPU
		{6C0A34C7-073A-412A-979A-A6A10E6A78EB}.Debug|Any CPU.Build.0 = Debug|Any CPU
		{6C0A34C7-073A-412A-979A-A6A10E6A78EB}.Release|Any CPU.ActiveCfg = Release|Any CPU
		{6C0A34C7-073A-412A-979A-A6A10E6A78EB}.Release|Any CPU.Build.0 = Release|Any CPU
	EndGlobalSection
	GlobalSection(SolutionProperties) = preSolution
		HideSolutionNode = FALSE
	EndGlobalSection
	GlobalSection(ExtensibilityGlobals) = postSolution
		SolutionGuid = {179CBCC7-743A-4411-8E2E-3E75D0D902EE}
	EndGlobalSection
EndGlobal
